
Microsoft Visual Studio Solution File, Format Version 12.00
# Visual Studio Version 16
VisualStudioVersion = 16.0.29728.190
MinimumVisualStudioVersion = 10.0.40219.1
Project("{FAE04EC0-301F-11D3-BF4B-00C04F79EFBC}") = "DnaWeb.Server", "DnaWeb.Server.csproj", "{924AE107-8552-4B3D-8CF1-96644261B2B7}"
EndProject
Global
	GlobalSection(SolutionConfigurationPlatforms) = preSolution
		Debug|Any CPU = Debug|Any CPU
		Release|Any CPU = Release|Any CPU
	EndGlobalSection
	GlobalSection(ProjectConfigurationPlatforms) = postSolution
		{924AE107-8552-4B3D-8CF1-96644261B2B7}.Debug|Any CPU.ActiveCfg = Debug|Any CPU
		{924AE107-8552-4B3D-8CF1-96644261B2B7}.Debug|Any CPU.Build.0 = Debug|Any CPU
		{924AE107-8552-4B3D-8CF1-96644261B2B7}.Release|Any CPU.ActiveCfg = Release|Any CPU
		{924AE107-8552-4B3D-8CF1-96644261B2B7}.Release|Any CPU.Build.0 = Release|Any CPU
	EndGlobalSection
	GlobalSection(SolutionProperties) = preSolution
		HideSolutionNode = FALSE
	EndGlobalSection
	GlobalSection(ExtensibilityGlobals) = postSolution
		SolutionGuid = {2467D9E8-BEA4-4565-81BD-DD235EEB32C1}
	EndGlobalSection
EndGlobal
